{
  "name": "hydro_sim",
  "version": "1.0.0",
  "lockfileVersion": 1,
  "requires": true,
  "dependencies": {
    "@pixi/accessibility": {
      "version": "5.3.1",
      "resolved": "https://registry.npmjs.org/@pixi/accessibility/-/accessibility-5.3.1.tgz",
      "integrity": "sha512-Fr54YVZu1/9JVtwnWN69C6DQm76tJXIV3K2tE3TY87bVze8twlkbYolXTnM/4GFvDgDbJ0OymM4tbUCIl7tx+A==",
      "requires": {
        "@pixi/core": "5.3.1",
        "@pixi/display": "5.3.1",
        "@pixi/utils": "5.3.1"
      }
    },
    "@pixi/app": {
      "version": "5.3.1",
      "resolved": "https://registry.npmjs.org/@pixi/app/-/app-5.3.1.tgz",
      "integrity": "sha512-5CnfL9q5DJ4VWuiAqiAT8zGfWzOep7cann2wL8sLRvWyztgHmlFV8JUbj5zaaV1sFgU0KqQcB0L24H459Kc/QQ==",
      "requires": {
        "@pixi/core": "5.3.1",
        "@pixi/display": "5.3.1"
      }
    },
    "@pixi/constants": {
      "version": "5.3.1",
      "resolved": "https://registry.npmjs.org/@pixi/constants/-/constants-5.3.1.tgz",
      "integrity": "sha512-SwvUEfkLWQzv/rx7fWZx6kjcjnOJRTdcWMHlKcN0IQ6XUMz/cHp+OjhySHbvJDLY2RWH22e0YCnzRfNBiCmycQ=="
    },
    "@pixi/core": {
      "version": "5.3.1",
      "resolved": "https://registry.npmjs.org/@pixi/core/-/core-5.3.1.tgz",
      "integrity": "sha512-8EhRzxiSAyVwkSEsxylPS8pm7JfTC87+STeapd//NDma3H4AjU4SbB45naLUAUAQWch1JHkF1xuiVUMyKyxu6g==",
      "requires": {
        "@pixi/constants": "5.3.1",
        "@pixi/math": "5.3.1",
        "@pixi/runner": "5.3.1",
        "@pixi/settings": "5.3.1",
        "@pixi/ticker": "5.3.1",
        "@pixi/utils": "5.3.1"
      }
    },
    "@pixi/display": {
      "version": "5.3.1",
      "resolved": "https://registry.npmjs.org/@pixi/display/-/display-5.3.1.tgz",
      "integrity": "sha512-dvRnY9tktXzWdON2C4LZcRPBT4YKPquWRmrrXXCSTd+XyGr854DQUAwK7iQ4gHmnSk4CaaUoJ1VCFXhVr3nATw==",
      "requires": {
        "@pixi/math": "5.3.1",
        "@pixi/settings": "5.3.1",
        "@pixi/utils": "5.3.1"
      }
    },
    "@pixi/extract": {
      "version": "5.3.1",
      "resolved": "https://registry.npmjs.org/@pixi/extract/-/extract-5.3.1.tgz",
      "integrity": "sha512-J1NPDf2JkSkvxjvcNfj3crexWQ1uKmTWi5RgRmr/Nv/bJJeexNBsGC66O02FjweKSq2OZ3VPDE8Im28koXoqZw==",
      "requires": {
        "@pixi/core": "5.3.1",
        "@pixi/math": "5.3.1",
        "@pixi/utils": "5.3.1"
      }
    },
    "@pixi/filter-alpha": {
      "version": "5.3.1",
      "resolved": "https://registry.npmjs.org/@pixi/filter-alpha/-/filter-alpha-5.3.1.tgz",
      "integrity": "sha512-Zfz+F0DYYk8XyvSahipQ1gMzjrvYdZymFU0xjCa9W4PaI8/uw/QSiolyTeg70BDxav4/Upjh6HQSlZ1yJYxQYg==",
      "requires": {
        "@pixi/core": "5.3.1"
      }
    },
    "@pixi/filter-blur": {
      "version": "5.3.1",
      "resolved": "https://registry.npmjs.org/@pixi/filter-blur/-/filter-blur-5.3.1.tgz",
      "integrity": "sha512-zIu6sdnc++yIbCH31/ZWdwE6B1jxa4qYbYPOOFkvNVGgWU+YqMf7HJroAFB2kDv/WliRglDNR0yO3klLEZzEMw==",
      "requires": {
        "@pixi/core": "5.3.1",
        "@pixi/settings": "5.3.1"
      }
    },
    "@pixi/filter-color-matrix": {
      "version": "5.3.1",
      "resolved": "https://registry.npmjs.org/@pixi/filter-color-matrix/-/filter-color-matrix-5.3.1.tgz",
      "integrity": "sha512-A+jzOA8Kz13GUvlM/Zpny8E/UMQLJ7xFOBtGPXUei3I5Derb63P/S+m5e4AMxsxi0O3L6x3nd6+XTBsDw/UWJg==",
      "requires": {
        "@pixi/core": "5.3.1"
      }
    },
    "@pixi/filter-displacement": {
      "version": "5.3.1",
      "resolved": "https://registry.npmjs.org/@pixi/filter-displacement/-/filter-displacement-5.3.1.tgz",
      "integrity": "sha512-uhJD2gr2ywjd63bsLsexhml77SsE76D/YuH4wR17BBS6s3rBEZ9+MDCoAmtvqpedjFOS61YXs8w+rNQ/Y+nNZg==",
      "requires": {
        "@pixi/core": "5.3.1",
        "@pixi/math": "5.3.1"
      }
    },
    "@pixi/filter-fxaa": {
      "version": "5.3.1",
      "resolved": "https://registry.npmjs.org/@pixi/filter-fxaa/-/filter-fxaa-5.3.1.tgz",
      "integrity": "sha512-fd/h4ubKBaPQrvr8NnvD6pksdjIGz6D/cB+AusbLnWbQdKVGujm9eEZI1Ifa66/tBlamAg18p5vOuMj8qMNwqQ==",
      "requires": {
        "@pixi/core": "5.3.1"
      }
    },
    "@pixi/filter-noise": {
      "version": "5.3.1",
      "resolved": "https://registry.npmjs.org/@pixi/filter-noise/-/filter-noise-5.3.1.tgz",
      "integrity": "sha512-6lRkOmT8uZ+85/Gpx0wokH4gdz/ZjPtANmRIPpr/c5IG+gFLQhVeIa7rv58M+EGA9ctzKJO8j/w/x/uUdPM6nQ==",
      "requires": {
        "@pixi/core": "5.3.1"
      }
    },
    "@pixi/graphics": {
      "version": "5.3.1",
      "resolved": "https://registry.npmjs.org/@pixi/graphics/-/graphics-5.3.1.tgz",
      "integrity": "sha512-aC1OvH62aRcABvqm4ZJBLqelEJog8MPfVpjOTCbkbc+Tvk/FoyBFEnyWFng/WmI0TPMV5sjlAXSS4GvQRcLJeg==",
      "requires": {
        "@pixi/constants": "5.3.1",
        "@pixi/core": "5.3.1",
        "@pixi/display": "5.3.1",
        "@pixi/math": "5.3.1",
        "@pixi/sprite": "5.3.1",
        "@pixi/utils": "5.3.1"
      }
    },
    "@pixi/interaction": {
      "version": "5.3.1",
      "resolved": "https://registry.npmjs.org/@pixi/interaction/-/interaction-5.3.1.tgz",
      "integrity": "sha512-yNHkDp/Sc0GPZWBknKH2ob4pd1MPe3fTvrcT/wErOqAyZEhWehwvJXx37UlRSpN3WXTNhDXtOCeLyboat53qnA==",
      "requires": {
        "@pixi/core": "5.3.1",
        "@pixi/display": "5.3.1",
        "@pixi/math": "5.3.1",
        "@pixi/ticker": "5.3.1",
        "@pixi/utils": "5.3.1"
      }
    },
    "@pixi/loaders": {
      "version": "5.3.1",
      "resolved": "https://registry.npmjs.org/@pixi/loaders/-/loaders-5.3.1.tgz",
      "integrity": "sha512-aPxg0DSq3aUnJo8tsY26emlYBv3yOjvCUsOQvWQ4XKBaTi5Y+3jpRO0r2IkertyR1ysYLrHhPTWGSIdSDFPYNg==",
      "requires": {
        "@pixi/core": "5.3.1",
        "@pixi/utils": "5.3.1",
        "resource-loader": "^3.0.1"
      }
    },
    "@pixi/math": {
      "version": "5.3.1",
      "resolved": "https://registry.npmjs.org/@pixi/math/-/math-5.3.1.tgz",
      "integrity": "sha512-G/3QaO7yHDoHD5iXGP/iOhM8arRatN1mMEcSguIMi3u+sLEAWkeZpKsZIcDBiNFdOcyoW/xTQmEFd2ji8OXWmQ=="
    },
    "@pixi/mesh": {
      "version": "5.3.1",
      "resolved": "https://registry.npmjs.org/@pixi/mesh/-/mesh-5.3.1.tgz",
      "integrity": "sha512-MxZiPkM6ylM83MljRZ2858tvB7oreWvOkenme66AN1XVxlOiQm2TuoLvmGelCnzZPBSxRJMblyYk+d7bbO1TXw==",
      "requires": {
        "@pixi/constants": "5.3.1",
        "@pixi/core": "5.3.1",
        "@pixi/display": "5.3.1",
        "@pixi/math": "5.3.1",
        "@pixi/settings": "5.3.1",
        "@pixi/utils": "5.3.1"
      }
    },
    "@pixi/mesh-extras": {
      "version": "5.3.1",
      "resolved": "https://registry.npmjs.org/@pixi/mesh-extras/-/mesh-extras-5.3.1.tgz",
      "integrity": "sha512-Yly4fmi2koQB8sQFJXo2aqxX4dfksndeSsEmCsdjMcKEW3zqvyuCGCagDtgysXD/7o3+Ig/W0orzKjv3OE9+iQ==",
      "requires": {
        "@pixi/constants": "5.3.1",
        "@pixi/core": "5.3.1",
        "@pixi/math": "5.3.1",
        "@pixi/mesh": "5.3.1",
        "@pixi/utils": "5.3.1"
      }
    },
    "@pixi/mixin-cache-as-bitmap": {
      "version": "5.3.1",
      "resolved": "https://registry.npmjs.org/@pixi/mixin-cache-as-bitmap/-/mixin-cache-as-bitmap-5.3.1.tgz",
      "integrity": "sha512-RTuHae9Vwg/6BjlvCwRQfJ+xkRdDkiQ+pCY7iqjPPyBXfb9sv/GOoYdsQRVwR6RAnb2JqMdJOdBjgGLtmSAsYg==",
      "requires": {
        "@pixi/core": "5.3.1",
        "@pixi/display": "5.3.1",
        "@pixi/math": "5.3.1",
        "@pixi/settings": "5.3.1",
        "@pixi/sprite": "5.3.1",
        "@pixi/utils": "5.3.1"
      }
    },
    "@pixi/mixin-get-child-by-name": {
      "version": "5.3.1",
      "resolved": "https://registry.npmjs.org/@pixi/mixin-get-child-by-name/-/mixin-get-child-by-name-5.3.1.tgz",
      "integrity": "sha512-sTebKEbmSe+gVKH1iQaVB82hWREW/Soi1vye3bUA58AVZplyEw330KyLx4LnLM6nMagN3KjNFPRGzpwTXImWwA==",
      "requires": {
        "@pixi/display": "5.3.1"
      }
    },
    "@pixi/mixin-get-global-position": {
      "version": "5.3.1",
      "resolved": "https://registry.npmjs.org/@pixi/mixin-get-global-position/-/mixin-get-global-position-5.3.1.tgz",
      "integrity": "sha512-aYlxbKu1hUGqP12Djf4sdQr+6+NxxCdG9dtJ8J+o1//AO55Zo5Pyj7Y7OwB1hfgHEqIP5U0ogeEc5IwGwoRafA==",
      "requires": {
        "@pixi/display": "5.3.1",
        "@pixi/math": "5.3.1"
      }
    },
    "@pixi/particles": {
      "version": "5.3.1",
      "resolved": "https://registry.npmjs.org/@pixi/particles/-/particles-5.3.1.tgz",
      "integrity": "sha512-8GL3kIvVaBjyZ+5lUm5tY7G+XsOl7EIWndizdZ2iXoypLsUMBiHhZ6emj5FNl4+wjJrjdHznruxkRj8AEE6rOQ==",
      "requires": {
        "@pixi/constants": "5.3.1",
        "@pixi/core": "5.3.1",
        "@pixi/display": "5.3.1",
        "@pixi/math": "5.3.1",
        "@pixi/utils": "5.3.1"
      }
    },
    "@pixi/polyfill": {
      "version": "5.3.1",
      "resolved": "https://registry.npmjs.org/@pixi/polyfill/-/polyfill-5.3.1.tgz",
      "integrity": "sha512-3vSiK+s+Bnr098F6lXTlH0YemZyCzY9OrEkJOIVqIROsKExpemopVJxT48f2KjtuaaMUS/Bvk+YffiUfxc0cjg==",
      "requires": {
        "es6-promise-polyfill": "^1.2.0",
        "object-assign": "^4.1.1"
      }
    },
    "@pixi/prepare": {
      "version": "5.3.1",
      "resolved": "https://registry.npmjs.org/@pixi/prepare/-/prepare-5.3.1.tgz",
      "integrity": "sha512-Dv3bezugcIsfmbpEKCADOjkUp5ZacvRd0/37n8SiitrGWnCFaTDR0q4ImTJKjY7qzWv00M6ZL8Xc9ki5OJRpxg==",
      "requires": {
        "@pixi/core": "5.3.1",
        "@pixi/display": "5.3.1",
        "@pixi/graphics": "5.3.1",
        "@pixi/settings": "5.3.1",
        "@pixi/text": "5.3.1",
        "@pixi/ticker": "5.3.1"
      }
    },
    "@pixi/runner": {
      "version": "5.3.1",
      "resolved": "https://registry.npmjs.org/@pixi/runner/-/runner-5.3.1.tgz",
      "integrity": "sha512-9jwRIkFXj6qdoDRki2xNnsNnXdqiutAFkqgWjleSC+yY8QygKsUB6qH8Q7DIUWCc5PSTzs1JLVlr78cH1kb6WQ=="
    },
    "@pixi/settings": {
      "version": "5.3.1",
      "resolved": "https://registry.npmjs.org/@pixi/settings/-/settings-5.3.1.tgz",
      "integrity": "sha512-cAK9HciXFwJkCN41hexk3HMZE5IZD3iw5/3AOvubRzkvOuQNgaDxxmtQdgE4gqjhM+kQWsMNY6x4SZZE0PEFcQ==",
      "requires": {
        "ismobilejs": "^1.1.0"
      }
    },
    "@pixi/sprite": {
      "version": "5.3.1",
      "resolved": "https://registry.npmjs.org/@pixi/sprite/-/sprite-5.3.1.tgz",
      "integrity": "sha512-wtzNtmWHRhXiATJmuCER3CbgVMXb94ukN/L+UPjiYu6zk9aYLvQp4ppN6sIXfESSJ9buoEVx66DMiJy5UIoHgg==",
      "requires": {
        "@pixi/constants": "5.3.1",
        "@pixi/core": "5.3.1",
        "@pixi/display": "5.3.1",
        "@pixi/math": "5.3.1",
        "@pixi/settings": "5.3.1",
        "@pixi/utils": "5.3.1"
      }
    },
    "@pixi/sprite-animated": {
      "version": "5.3.1",
      "resolved": "https://registry.npmjs.org/@pixi/sprite-animated/-/sprite-animated-5.3.1.tgz",
      "integrity": "sha512-MBQpI7gEeeXpUQg+hzD3of2xEVFeWjWgxt7PNKxyZjon8MPF3aIcpyv8u6Ldnbzlp7vcYpL8BwFLhUVvOSYLHA==",
      "requires": {
        "@pixi/core": "5.3.1",
        "@pixi/sprite": "5.3.1",
        "@pixi/ticker": "5.3.1"
      }
    },
    "@pixi/sprite-tiling": {
      "version": "5.3.1",
      "resolved": "https://registry.npmjs.org/@pixi/sprite-tiling/-/sprite-tiling-5.3.1.tgz",
      "integrity": "sha512-wh/BXkqt4tyxz7SqY0qtNr05cqlJd3LhL/SxR+4F86hY474ipkA27V67cwTYHA0bEJ1BcMorF6J6cZ30f278Og==",
      "requires": {
        "@pixi/constants": "5.3.1",
        "@pixi/core": "5.3.1",
        "@pixi/display": "5.3.1",
        "@pixi/math": "5.3.1",
        "@pixi/sprite": "5.3.1",
        "@pixi/utils": "5.3.1"
      }
    },
    "@pixi/spritesheet": {
      "version": "5.3.1",
      "resolved": "https://registry.npmjs.org/@pixi/spritesheet/-/spritesheet-5.3.1.tgz",
      "integrity": "sha512-SwmFzVB7fccoe4zP91b0Eo3OmVWWuPdZwZ5smApYQRRVweXMVWDYd1MvZyMn1/WXo7ukm1pVOu78950tNIAfRg==",
      "requires": {
        "@pixi/core": "5.3.1",
        "@pixi/loaders": "5.3.1",
        "@pixi/math": "5.3.1",
        "@pixi/utils": "5.3.1"
      }
    },
    "@pixi/text": {
      "version": "5.3.1",
      "resolved": "https://registry.npmjs.org/@pixi/text/-/text-5.3.1.tgz",
      "integrity": "sha512-nq+07oFYlj9DSX/O8u2fSKSuozVvG3H0orZd8YYLhDAg6GMacS1zEJCdSgv1moiU12Fx2+I7MMlBT9WBE/7aTg==",
      "requires": {
        "@pixi/core": "5.3.1",
        "@pixi/math": "5.3.1",
        "@pixi/settings": "5.3.1",
        "@pixi/sprite": "5.3.1",
        "@pixi/utils": "5.3.1"
      }
    },
    "@pixi/text-bitmap": {
      "version": "5.3.1",
      "resolved": "https://registry.npmjs.org/@pixi/text-bitmap/-/text-bitmap-5.3.1.tgz",
      "integrity": "sha512-+AKp2RzQOrgKg5ZulEql1BCycpk4f0mJc3kTWmmjVvfjcUHLwQnpwyGLJZv4I8VdLynAL7AXWim1nOA48VS/Gw==",
      "requires": {
        "@pixi/core": "5.3.1",
        "@pixi/display": "5.3.1",
        "@pixi/loaders": "5.3.1",
        "@pixi/math": "5.3.1",
        "@pixi/mesh": "5.3.1",
        "@pixi/settings": "5.3.1",
        "@pixi/text": "5.3.1",
        "@pixi/utils": "5.3.1"
      }
    },
    "@pixi/ticker": {
      "version": "5.3.1",
      "resolved": "https://registry.npmjs.org/@pixi/ticker/-/ticker-5.3.1.tgz",
      "integrity": "sha512-+staweCVNihmDSChUsSl+Tr3t+pxHAi1FjVYPPqSH0vNlzuu22XWwhwPBGQUvna/mqe/HtXwXUSHbzlAh/kMCQ==",
      "requires": {
        "@pixi/settings": "5.3.1"
      }
    },
    "@pixi/utils": {
      "version": "5.3.1",
      "resolved": "https://registry.npmjs.org/@pixi/utils/-/utils-5.3.1.tgz",
      "integrity": "sha512-TcNJ3OSRX84BLlRdMS+wduFKeJ9itTogfQrJcdynJr+2C9GtRthge26kYmRSHGPdS0v62ALCE63A0aukK5ut3w==",
      "requires": {
        "@pixi/constants": "5.3.1",
        "@pixi/settings": "5.3.1",
        "earcut": "^2.1.5",
        "eventemitter3": "^3.1.0",
        "url": "^0.11.0"
      }
    },
    "@types/node": {
      "version": "14.0.23",
      "resolved": "https://registry.npmjs.org/@types/node/-/node-14.0.23.tgz",
      "integrity": "sha512-Z4U8yDAl5TFkmYsZdFPdjeMa57NOvnaf1tljHzhouaPEp7LCj2JKkejpI1ODviIAQuW4CcQmxkQ77rnLsOOoKw==",
      "dev": true
    },
    "array-filter": {
      "version": "1.0.0",
      "resolved": "https://registry.npmjs.org/array-filter/-/array-filter-1.0.0.tgz",
      "integrity": "sha1-uveeYubvTCpMC4MSMtr/7CUfnYM=",
      "dev": true
    },
    "assert": {
      "version": "2.0.0",
      "resolved": "https://registry.npmjs.org/assert/-/assert-2.0.0.tgz",
      "integrity": "sha512-se5Cd+js9dXJnu6Ag2JFc00t+HmHOen+8Q+L7O9zI0PqQXr20uk2J0XQqMxZEeo5U50o8Nvmmx7dZrl+Ufr35A==",
      "dev": true,
      "requires": {
        "es6-object-assign": "^1.1.0",
        "is-nan": "^1.2.1",
        "object-is": "^1.0.1",
        "util": "^0.12.0"
      }
    },
    "available-typed-arrays": {
      "version": "1.0.2",
      "resolved": "https://registry.npmjs.org/available-typed-arrays/-/available-typed-arrays-1.0.2.tgz",
      "integrity": "sha512-XWX3OX8Onv97LMk/ftVyBibpGwY5a8SmuxZPzeOxqmuEqUCOM9ZE+uIaD1VNJ5QnvU2UQusvmKbuM1FR8QWGfQ==",
      "dev": true,
      "requires": {
        "array-filter": "^1.0.0"
      }
    },
    "define-properties": {
      "version": "1.1.3",
      "resolved": "https://registry.npmjs.org/define-properties/-/define-properties-1.1.3.tgz",
      "integrity": "sha512-3MqfYKj2lLzdMSf8ZIZE/V+Zuy+BgD6f164e8K2w7dgnpKArBDerGYpM46IYYcjnkdPNMjPk9A6VFB8+3SKlXQ==",
      "dev": true,
      "requires": {
        "object-keys": "^1.0.12"
      }
    },
    "earcut": {
      "version": "2.2.2",
      "resolved": "https://registry.npmjs.org/earcut/-/earcut-2.2.2.tgz",
      "integrity": "sha512-eZoZPPJcUHnfRZ0PjLvx2qBordSiO8ofC3vt+qACLM95u+4DovnbYNpQtJh0DNsWj8RnxrQytD4WA8gj5cRIaQ=="
    },
    "es-abstract": {
      "version": "1.17.6",
      "resolved": "https://registry.npmjs.org/es-abstract/-/es-abstract-1.17.6.tgz",
      "integrity": "sha512-Fr89bON3WFyUi5EvAeI48QTWX0AyekGgLA8H+c+7fbfCkJwRWRMLd8CQedNEyJuoYYhmtEqY92pgte1FAhBlhw==",
      "dev": true,
      "requires": {
        "es-to-primitive": "^1.2.1",
        "function-bind": "^1.1.1",
        "has": "^1.0.3",
        "has-symbols": "^1.0.1",
        "is-callable": "^1.2.0",
        "is-regex": "^1.1.0",
        "object-inspect": "^1.7.0",
        "object-keys": "^1.1.1",
        "object.assign": "^4.1.0",
        "string.prototype.trimend": "^1.0.1",
        "string.prototype.trimstart": "^1.0.1"
      }
    },
    "es-to-primitive": {
      "version": "1.2.1",
      "resolved": "https://registry.npmjs.org/es-to-primitive/-/es-to-primitive-1.2.1.tgz",
      "integrity": "sha512-QCOllgZJtaUo9miYBcLChTUaHNjJF3PYs1VidD7AwiEj1kYxKeQTctLAezAOH5ZKRH0g2IgPn6KwB4IT8iRpvA==",
      "dev": true,
      "requires": {
        "is-callable": "^1.1.4",
        "is-date-object": "^1.0.1",
        "is-symbol": "^1.0.2"
      }
    },
    "es6-object-assign": {
      "version": "1.1.0",
      "resolved": "https://registry.npmjs.org/es6-object-assign/-/es6-object-assign-1.1.0.tgz",
      "integrity": "sha1-wsNYJlYkfDnqEHyx5mUrb58kUjw=",
      "dev": true
    },
    "es6-promise-polyfill": {
      "version": "1.2.0",
      "resolved": "https://registry.npmjs.org/es6-promise-polyfill/-/es6-promise-polyfill-1.2.0.tgz",
      "integrity": "sha1-84kl8jyz4+jObNqP93T867sJDN4="
    },
    "eventemitter3": {
      "version": "3.1.2",
      "resolved": "https://registry.npmjs.org/eventemitter3/-/eventemitter3-3.1.2.tgz",
      "integrity": "sha512-tvtQIeLVHjDkJYnzf2dgVMxfuSGJeM/7UCG17TT4EumTfNtF+0nebF/4zWOIkCreAbtNqhGEboB6BWrwqNaw4Q=="
    },
    "foreach": {
      "version": "2.0.5",
      "resolved": "https://registry.npmjs.org/foreach/-/foreach-2.0.5.tgz",
      "integrity": "sha1-C+4AUBiusmDQo6865ljdATbsG5k=",
      "dev": true
    },
    "function-bind": {
      "version": "1.1.1",
      "resolved": "https://registry.npmjs.org/function-bind/-/function-bind-1.1.1.tgz",
      "integrity": "sha512-yIovAzMX49sF8Yl58fSCWJ5svSLuaibPxXQJFLmBObTuCr0Mf1KiPopGM9NiFjiYBCbfaa2Fh6breQ6ANVTI0A==",
      "dev": true
    },
    "has": {
      "version": "1.0.3",
      "resolved": "https://registry.npmjs.org/has/-/has-1.0.3.tgz",
      "integrity": "sha512-f2dvO0VU6Oej7RkWJGrehjbzMAjFp5/VKPp5tTpWIV4JHHZK1/BxbFRtf/siA2SWTe09caDmVtYYzWEIbBS4zw==",
      "dev": true,
      "requires": {
        "function-bind": "^1.1.1"
      }
    },
    "has-symbols": {
      "version": "1.0.1",
      "resolved": "https://registry.npmjs.org/has-symbols/-/has-symbols-1.0.1.tgz",
      "integrity": "sha512-PLcsoqu++dmEIZB+6totNFKq/7Do+Z0u4oT0zKOJNl3lYK6vGwwu2hjHs+68OEZbTjiUE9bgOABXbP/GvrS0Kg==",
      "dev": true
    },
    "inherits": {
      "version": "2.0.4",
      "resolved": "https://registry.npmjs.org/inherits/-/inherits-2.0.4.tgz",
      "integrity": "sha512-k/vGaX4/Yla3WzyMCvTQOXYeIHvqOKtnqBduzTHpzpQZzAskKMhZ2K+EnBiSM9zGSoIFeMpXKxa4dYeZIQqewQ==",
      "dev": true
    },
    "is-arguments": {
      "version": "1.0.4",
      "resolved": "https://registry.npmjs.org/is-arguments/-/is-arguments-1.0.4.tgz",
      "integrity": "sha512-xPh0Rmt8NE65sNzvyUmWgI1tz3mKq74lGA0mL8LYZcoIzKOzDh6HmrYm3d18k60nHerC8A9Km8kYu87zfSFnLA==",
      "dev": true
    },
    "is-callable": {
      "version": "1.2.0",
      "resolved": "https://registry.npmjs.org/is-callable/-/is-callable-1.2.0.tgz",
      "integrity": "sha512-pyVD9AaGLxtg6srb2Ng6ynWJqkHU9bEM087AKck0w8QwDarTfNcpIYoU8x8Hv2Icm8u6kFJM18Dag8lyqGkviw==",
      "dev": true
    },
    "is-date-object": {
      "version": "1.0.2",
      "resolved": "https://registry.npmjs.org/is-date-object/-/is-date-object-1.0.2.tgz",
      "integrity": "sha512-USlDT524woQ08aoZFzh3/Z6ch9Y/EWXEHQ/AaRN0SkKq4t2Jw2R2339tSXmwuVoY7LLlBCbOIlx2myP/L5zk0g==",
      "dev": true
    },
    "is-generator-function": {
      "version": "1.0.7",
      "resolved": "https://registry.npmjs.org/is-generator-function/-/is-generator-function-1.0.7.tgz",
      "integrity": "sha512-YZc5EwyO4f2kWCax7oegfuSr9mFz1ZvieNYBEjmukLxgXfBUbxAWGVF7GZf0zidYtoBl3WvC07YK0wT76a+Rtw==",
      "dev": true
    },
    "is-nan": {
      "version": "1.3.0",
      "resolved": "https://registry.npmjs.org/is-nan/-/is-nan-1.3.0.tgz",
      "integrity": "sha512-z7bbREymOqt2CCaZVly8aC4ML3Xhfi0ekuOnjO2L8vKdl+CttdVoGZQhd4adMFAsxQ5VeRVwORs4tU8RH+HFtQ==",
      "dev": true,
      "requires": {
        "define-properties": "^1.1.3"
      }
    },
    "is-regex": {
      "version": "1.1.0",
      "resolved": "https://registry.npmjs.org/is-regex/-/is-regex-1.1.0.tgz",
      "integrity": "sha512-iI97M8KTWID2la5uYXlkbSDQIg4F6o1sYboZKKTDpnDQMLtUL86zxhgDet3Q2SriaYsyGqZ6Mn2SjbRKeLHdqw==",
      "dev": true,
      "requires": {
        "has-symbols": "^1.0.1"
      }
    },
    "is-symbol": {
      "version": "1.0.3",
      "resolved": "https://registry.npmjs.org/is-symbol/-/is-symbol-1.0.3.tgz",
      "integrity": "sha512-OwijhaRSgqvhm/0ZdAcXNZt9lYdKFpcRDT5ULUuYXPoT794UNOdU+gpT6Rzo7b4V2HUl/op6GqY894AZwv9faQ==",
      "dev": true,
      "requires": {
        "has-symbols": "^1.0.1"
      }
    },
    "is-typed-array": {
      "version": "1.1.3",
      "resolved": "https://registry.npmjs.org/is-typed-array/-/is-typed-array-1.1.3.tgz",
      "integrity": "sha512-BSYUBOK/HJibQ30wWkWold5txYwMUXQct9YHAQJr8fSwvZoiglcqB0pd7vEN23+Tsi9IUEjztdOSzl4qLVYGTQ==",
      "dev": true,
      "requires": {
        "available-typed-arrays": "^1.0.0",
        "es-abstract": "^1.17.4",
        "foreach": "^2.0.5",
        "has-symbols": "^1.0.1"
      }
    },
    "ismobilejs": {
      "version": "1.1.1",
      "resolved": "https://registry.npmjs.org/ismobilejs/-/ismobilejs-1.1.1.tgz",
      "integrity": "sha512-VaFW53yt8QO61k2WJui0dHf4SlL8lxBofUuUmwBo0ljPk0Drz2TiuDW4jo3wDcv41qy/SxrJ+VAzJ/qYqsmzRw=="
    },
    "mini-signals": {
      "version": "1.2.0",
      "resolved": "https://registry.npmjs.org/mini-signals/-/mini-signals-1.2.0.tgz",
      "integrity": "sha1-RbCAE8X65RokqhqTXNMXye1yHXQ="
    },
    "node-fetch": {
      "version": "2.6.0",
      "resolved": "https://registry.npmjs.org/node-fetch/-/node-fetch-2.6.0.tgz",
      "integrity": "sha512-8dG4H5ujfvFiqDmVu9fQ5bOHUC15JMjMY/Zumv26oOvvVJjM67KF8koCWIabKQ1GJIa9r2mMZscBq/TbdOcmNA==",
      "dev": true
    },
    "object-assign": {
      "version": "4.1.1",
      "resolved": "https://registry.npmjs.org/object-assign/-/object-assign-4.1.1.tgz",
      "integrity": "sha1-IQmtx5ZYh8/AXLvUQsrIv7s2CGM="
    },
    "object-inspect": {
      "version": "1.8.0",
      "resolved": "https://registry.npmjs.org/object-inspect/-/object-inspect-1.8.0.tgz",
      "integrity": "sha512-jLdtEOB112fORuypAyl/50VRVIBIdVQOSUUGQHzJ4xBSbit81zRarz7GThkEFZy1RceYrWYcPcBFPQwHyAc1gA==",
      "dev": true
    },
    "object-is": {
      "version": "1.1.2",
      "resolved": "https://registry.npmjs.org/object-is/-/object-is-1.1.2.tgz",
      "integrity": "sha512-5lHCz+0uufF6wZ7CRFWJN3hp8Jqblpgve06U5CMQ3f//6iDjPr2PEo9MWCjEssDsa+UZEL4PkFpr+BMop6aKzQ==",
      "dev": true,
      "requires": {
        "define-properties": "^1.1.3",
        "es-abstract": "^1.17.5"
      }
    },
    "object-keys": {
      "version": "1.1.1",
      "resolved": "https://registry.npmjs.org/object-keys/-/object-keys-1.1.1.tgz",
      "integrity": "sha512-NuAESUOUMrlIXOfHKzD6bpPu3tYt3xvjNdRIQ+FeT0lNb4K8WR70CaDxhuNguS2XG+GjkyMwOzsN5ZktImfhLA==",
      "dev": true
    },
    "object.assign": {
      "version": "4.1.0",
      "resolved": "https://registry.npmjs.org/object.assign/-/object.assign-4.1.0.tgz",
      "integrity": "sha512-exHJeq6kBKj58mqGyTQ9DFvrZC/eR6OwxzoM9YRoGBqrXYonaFyGiFMuc9VZrXf7DarreEwMpurG3dd+CNyW5w==",
      "dev": true,
      "requires": {
        "define-properties": "^1.1.2",
        "function-bind": "^1.1.1",
        "has-symbols": "^1.0.0",
        "object-keys": "^1.0.11"
      }
    },
    "parse-uri": {
      "version": "1.0.0",
      "resolved": "https://registry.npmjs.org/parse-uri/-/parse-uri-1.0.0.tgz",
      "integrity": "sha1-KHLcwi8aeXrN4Vg9igrClVLdrCA="
    },
    "pixi.js": {
      "version": "5.2.0",
      "resolved": "https://registry.npmjs.org/pixi.js/-/pixi.js-5.2.0.tgz",
      "integrity": "sha512-q4gxbTU51nrh8qxbplU6EVx2dnb9SiI9OeQOrQmtmCTpysJXAK5p9M2c3v5JRIgK8ZCL74y5vrwHaaB1ZQoPKw==",
      "requires": {
        "@pixi/accessibility": "^5.2.0",
        "@pixi/app": "^5.2.0",
        "@pixi/constants": "^5.2.0",
        "@pixi/core": "^5.2.0",
        "@pixi/display": "^5.2.0",
        "@pixi/extract": "^5.2.0",
        "@pixi/filter-alpha": "^5.2.0",
        "@pixi/filter-blur": "^5.2.0",
        "@pixi/filter-color-matrix": "^5.2.0",
        "@pixi/filter-displacement": "^5.2.0",
        "@pixi/filter-fxaa": "^5.2.0",
        "@pixi/filter-noise": "^5.2.0",
        "@pixi/graphics": "^5.2.0",
        "@pixi/interaction": "^5.2.0",
        "@pixi/loaders": "^5.2.0",
        "@pixi/math": "^5.2.0",
        "@pixi/mesh": "^5.2.0",
        "@pixi/mesh-extras": "^5.2.0",
        "@pixi/mixin-cache-as-bitmap": "^5.2.0",
        "@pixi/mixin-get-child-by-name": "^5.2.0",
        "@pixi/mixin-get-global-position": "^5.2.0",
        "@pixi/particles": "^5.2.0",
        "@pixi/polyfill": "^5.2.0",
        "@pixi/prepare": "^5.2.0",
        "@pixi/runner": "^5.2.0",
        "@pixi/settings": "^5.2.0",
        "@pixi/sprite": "^5.2.0",
        "@pixi/sprite-animated": "^5.2.0",
        "@pixi/sprite-tiling": "^5.2.0",
        "@pixi/spritesheet": "^5.2.0",
        "@pixi/text": "^5.2.0",
        "@pixi/text-bitmap": "^5.2.0",
        "@pixi/ticker": "^5.2.0",
        "@pixi/utils": "^5.2.0"
      }
    },
    "punycode": {
      "version": "1.3.2",
      "resolved": "https://registry.npmjs.org/punycode/-/punycode-1.3.2.tgz",
      "integrity": "sha1-llOgNvt8HuQjQvIyXM7v6jkmxI0="
    },
    "querystring": {
      "version": "0.2.0",
      "resolved": "https://registry.npmjs.org/querystring/-/querystring-0.2.0.tgz",
      "integrity": "sha1-sgmEkgO7Jd+CDadW50cAWHhSFiA="
    },
    "resource-loader": {
      "version": "3.0.1",
      "resolved": "https://registry.npmjs.org/resource-loader/-/resource-loader-3.0.1.tgz",
      "integrity": "sha512-fBuCRbEHdLCI1eglzQhUv9Rrdcmqkydr1r6uHE2cYHvRBrcLXeSmbE/qI/urFt8rPr/IGxir3BUwM5kUK8XoyA==",
      "requires": {
        "mini-signals": "^1.2.0",
        "parse-uri": "^1.0.0"
      }
    },
    "safe-buffer": {
      "version": "5.2.1",
      "resolved": "https://registry.npmjs.org/safe-buffer/-/safe-buffer-5.2.1.tgz",
      "integrity": "sha512-rp3So07KcdmmKbGvgaNxQSJr7bGVSVk5S9Eq1F+ppbRo70+YeaDxkw5Dd8NPN+GD6bjnYm2VuPuCXmpuYvmCXQ==",
      "dev": true
    },
    "simplex-noise": {
      "version": "2.4.0",
      "resolved": "https://registry.npmjs.org/simplex-noise/-/simplex-noise-2.4.0.tgz",
      "integrity": "sha512-OjyDWm/QZjVbMrPxDVi9b2as+SeNn9EBXlrWVRlFW+TSyWMSXouDryXkQN0vf5YP+QZKobrmkvx1eQYPLtuqfw==",
      "dev": true
    },
    "string.prototype.trimend": {
      "version": "1.0.1",
      "resolved": "https://registry.npmjs.org/string.prototype.trimend/-/string.prototype.trimend-1.0.1.tgz",
      "integrity": "sha512-LRPxFUaTtpqYsTeNKaFOw3R4bxIzWOnbQ837QfBylo8jIxtcbK/A/sMV7Q+OAV/vWo+7s25pOE10KYSjaSO06g==",
      "dev": true,
      "requires": {
        "define-properties": "^1.1.3",
        "es-abstract": "^1.17.5"
      }
    },
    "string.prototype.trimstart": {
      "version": "1.0.1",
      "resolved": "https://registry.npmjs.org/string.prototype.trimstart/-/string.prototype.trimstart-1.0.1.tgz",
      "integrity": "sha512-XxZn+QpvrBI1FOcg6dIpxUPgWCPuNXvMD72aaRaUQv1eD4e/Qy8i/hFTe0BUmD60p/QA6bh1avmuPTfNjqVWRw==",
      "dev": true,
      "requires": {
        "define-properties": "^1.1.3",
        "es-abstract": "^1.17.5"
      }
    },
    "tinyqueue": {
      "version": "2.0.3",
      "resolved": "https://registry.npmjs.org/tinyqueue/-/tinyqueue-2.0.3.tgz",
      "integrity": "sha512-ppJZNDuKGgxzkHihX8v9v9G5f+18gzaTfrukGrq6ueg0lmH4nqVnA2IPG0AEH3jKEk2GRJCUhDoqpoiw3PHLBA==",
      "dev": true
    },
    "url": {
      "version": "0.11.0",
      "resolved": "https://registry.npmjs.org/url/-/url-0.11.0.tgz",
      "integrity": "sha1-ODjpfPxgUh63PFJajlW/3Z4uKPE=",
      "requires": {
        "punycode": "1.3.2",
        "querystring": "0.2.0"
      }
    },
    "util": {
      "version": "0.12.3",
      "resolved": "https://registry.npmjs.org/util/-/util-0.12.3.tgz",
      "integrity": "sha512-I8XkoQwE+fPQEhy9v012V+TSdH2kp9ts29i20TaaDUXsg7x/onePbhFJUExBfv/2ay1ZOp/Vsm3nDlmnFGSAog==",
      "dev": true,
      "requires": {
        "inherits": "^2.0.3",
        "is-arguments": "^1.0.4",
        "is-generator-function": "^1.0.7",
        "is-typed-array": "^1.1.3",
        "safe-buffer": "^5.1.2",
        "which-typed-array": "^1.1.2"
      }
    },
    "which-typed-array": {
      "version": "1.1.2",
      "resolved": "https://registry.npmjs.org/which-typed-array/-/which-typed-array-1.1.2.tgz",
      "integrity": "sha512-KT6okrd1tE6JdZAy3o2VhMoYPh3+J6EMZLyrxBQsZflI1QCZIxMrIYLkosd8Twf+YfknVIHmYQPgJt238p8dnQ==",
      "dev": true,
      "requires": {
        "available-typed-arrays": "^1.0.2",
        "es-abstract": "^1.17.5",
        "foreach": "^2.0.5",
        "function-bind": "^1.1.1",
        "has-symbols": "^1.0.1",
        "is-typed-array": "^1.1.3"
      }
    },
    "xhr2": {
      "version": "0.2.0",
      "resolved": "https://registry.npmjs.org/xhr2/-/xhr2-0.2.0.tgz",
      "integrity": "sha512-BDtiD0i2iKPK/S8OAZfpk6tyzEDnKKSjxWHcMBVmh+LuqJ8A32qXTyOx+TVOg2dKvq6zGBq2sgKPkEeRs1qTRA==",
      "dev": true
    }
  }
}
